
Microsoft Visual Studio Solution File, Format Version 12.00
# Visual Studio Version 17
VisualStudioVersion = 17.12.35527.113
MinimumVisualStudioVersion = 10.0.40219.1
Project("{FAE04EC0-301F-11D3-BF4B-00C04F79EFBC}") = "CatalogAPI", "CatalogAPI\CatalogAPI.csproj", "{400EB0DA-4224-45F0-9D8F-20B9AA563E74}"
EndProject
Project("{E53339B2-1760-4266-BCC7-CA923CBCF16C}") = "docker-compose", "docker-compose.dcproj", "{7723B84D-A97C-4570-AD3D-6F703E3D6CF0}"
EndProject
Project("{FAE04EC0-301F-11D3-BF4B-00C04F79EFBC}") = "BasketAPI", "BasketAPI\BasketAPI.csproj", "{93A46417-29B6-459E-8072-A6AFA703B046}"
EndProject
Project("{FAE04EC0-301F-11D3-BF4B-00C04F79EFBC}") = "DiscountAPI", "DiscountAPI\DiscountAPI.csproj", "{A7617B9E-36A1-4635-A4FF-8D9BAEFC6034}"
EndProject
Project("{FAE04EC0-301F-11D3-BF4B-00C04F79EFBC}") = "DiscountGRPC", "DiscountGRPC\DiscountGRPC.csproj", "{A0706905-324E-4BED-9EDD-CC4913A5FFFB}"
EndProject
Global
	GlobalSection(SolutionConfigurationPlatforms) = preSolution
		Debug|Any CPU = Debug|Any CPU
		Release|Any CPU = Release|Any CPU
	EndGlobalSection
	GlobalSection(ProjectConfigurationPlatforms) = postSolution
		{400EB0DA-4224-45F0-9D8F-20B9AA563E74}.Debug|Any CPU.ActiveCfg = Debug|Any CPU
		{400EB0DA-4224-45F0-9D8F-20B9AA563E74}.Debug|Any CPU.Build.0 = Debug|Any CPU
		{400EB0DA-4224-45F0-9D8F-20B9AA563E74}.Release|Any CPU.ActiveCfg = Release|Any CPU
		{400EB0DA-4224-45F0-9D8F-20B9AA563E74}.Release|Any CPU.Build.0 = Release|Any CPU
		{7723B84D-A97C-4570-AD3D-6F703E3D6CF0}.Debug|Any CPU.ActiveCfg = Debug|Any CPU
		{7723B84D-A97C-4570-AD3D-6F703E3D6CF0}.Debug|Any CPU.Build.0 = Debug|Any CPU
		{7723B84D-A97C-4570-AD3D-6F703E3D6CF0}.Release|Any CPU.ActiveCfg = Release|Any CPU
		{7723B84D-A97C-4570-AD3D-6F703E3D6CF0}.Release|Any CPU.Build.0 = Release|Any CPU
		{93A46417-29B6-459E-8072-A6AFA703B046}.Debug|Any CPU.ActiveCfg = Debug|Any CPU
		{93A46417-29B6-459E-8072-A6AFA703B046}.Debug|Any CPU.Build.0 = Debug|Any CPU
		{93A46417-29B6-459E-8072-A6AFA703B046}.Release|Any CPU.ActiveCfg = Release|Any CPU
		{93A46417-29B6-459E-8072-A6AFA703B046}.Release|Any CPU.Build.0 = Release|Any CPU
		{A7617B9E-36A1-4635-A4FF-8D9BAEFC6034}.Debug|Any CPU.ActiveCfg = Debug|Any CPU
		{A7617B9E-36A1-4635-A4FF-8D9BAEFC6034}.Debug|Any CPU.Build.0 = Debug|Any CPU
		{A7617B9E-36A1-4635-A4FF-8D9BAEFC6034}.Release|Any CPU.ActiveCfg = Release|Any CPU
		{A7617B9E-36A1-4635-A4FF-8D9BAEFC6034}.Release|Any CPU.Build.0 = Release|Any CPU
		{A0706905-324E-4BED-9EDD-CC4913A5FFFB}.Debug|Any CPU.ActiveCfg = Debug|Any CPU
		{A0706905-324E-4BED-9EDD-CC4913A5FFFB}.Debug|Any CPU.Build.0 = Debug|Any CPU
		{A0706905-324E-4BED-9EDD-CC4913A5FFFB}.Release|Any CPU.ActiveCfg = Release|Any CPU
		{A0706905-324E-4BED-9EDD-CC4913A5FFFB}.Release|Any CPU.Build.0 = Release|Any CPU
	EndGlobalSection
	GlobalSection(SolutionProperties) = preSolution
		HideSolutionNode = FALSE
	EndGlobalSection
EndGlobal
